<?xml version="1.0" encoding="UTF-8"?>
<Scheme
   LastUpgradeVersion = "1300"
   version = "1.3">
   <BuildAction
      parallelizeBuildables = "YES"
      buildImplicitDependencies = "YES">
      <BuildActionEntries>
         <BuildActionEntry
            buildForTesting = "YES"
            buildForRunning = "YES"
            buildForProfiling = "YES"
            buildForArchiving = "YES"
            buildForAnalyzing = "YES">
            <BuildableReference
               BuildableIdentifier = "primary"
               BlueprintIdentifier = "75F9719EFF7E51611B5C2CFB"
               BuildableName = "FileFlip.app"
               BlueprintName = "FileConvertApp"
               ReferencedContainer = "container:FileFlip.xcodeproj">
            </BuildableReference>
         </BuildActionEntry>
         <BuildActionEntry
            buildForTesting = "YES"
            buildForRunning = "YES"
            buildForProfiling = "YES"
            buildForArchiving = "YES"
            buildForAnalyzing = "YES">
            <BuildableReference
               BuildableIdentifier = "primary"
               BlueprintIdentifier = "2D7FCC6FE0F3517B05510921"
               BuildableName = "FileConvertCore.framework"
               BlueprintName = "FileConvertCore"
               ReferencedContainer = "container:FileFlip.xcodeproj">
            </BuildableReference>
         </BuildActionEntry>
         <BuildActionEntry
            buildForTesting = "YES"
            buildForRunning = "YES"
            buildForProfiling = "YES"
            buildForArchiving = "YES"
            buildForAnalyzing = "YES">
            <BuildableReference
               BuildableIdentifier = "primary"
               BlueprintIdentifier = "D1A340C5759D82AFE0B79247"
               BuildableName = "FileConvertProviders.framework"
               BlueprintName = "FileConvertProviders"
               ReferencedContainer = "container:FileFlip.xcodeproj">
            </BuildableReference>
         </BuildActionEntry>
      </BuildActionEntries>
   </BuildAction>
   <TestAction
      buildConfiguration = "Debug"
      selectedDebuggerIdentifier = "Xcode.DebuggerFoundation.Debugger.LLDB"
      selectedLauncherIdentifier = "Xcode.DebuggerFoundation.Launcher.LLDB"
      shouldUseLaunchSchemeArgsEnv = "YES">
      <MacroExpansion>
         <BuildableReference
            BuildableIdentifier = "primary"
            BlueprintIdentifier = "75F9719EFF7E51611B5C2CFB"
            BuildableName = "FileFlip.app"
            BlueprintName = "FileConvertApp"
            ReferencedContainer = "container:FileFlip.xcodeproj">
         </BuildableReference>
      </MacroExpansion>
      <Testables>
         <TestableReference
            skipped = "NO">
            <BuildableReference
               BuildableIdentifier = "primary"
               BlueprintIdentifier = "C80984BD0E591F94FD6953BE"
               BuildableName = "FileConvertCoreTests.xctest"
               BlueprintName = "FileConvertCoreTests"
               ReferencedContainer = "container:FileFlip.xcodeproj">
            </BuildableReference>
         </TestableReference>
         <TestableReference
            skipped = "NO">
            <BuildableReference
               BuildableIdentifier = "primary"
               BlueprintIdentifier = "96ED42A9F32CC8BB006AD6C3"
               BuildableName = "FileConvertProvidersTests.xctest"
               BlueprintName = "FileConvertProvidersTests"
               ReferencedContainer = "container:FileFlip.xcodeproj">
            </BuildableReference>
         </TestableReference>
         <TestableReference
            skipped = "NO">
            <BuildableReference
               BuildableIdentifier = "primary"
               BlueprintIdentifier = "B9F37FBD28C4AC8915F34910"
               BuildableName = "FileConvertEvidenceTests.xctest"
               BlueprintName = "FileConvertEvidenceTests"
               ReferencedContainer = "container:FileFlip.xcodeproj">
            </BuildableReference>
         </TestableReference>
         <TestableReference
            skipped = "NO">
            <BuildableReference
               BuildableIdentifier = "primary"
               BlueprintIdentifier = "C9CF300CE0248118E2D89789"
               BuildableName = "FileConvertIntegrationTests.xctest"
               BlueprintName = "FileConvertIntegrationTests"
               ReferencedContainer = "container:FileFlip.xcodeproj">
            </BuildableReference>
         </TestableReference>
         <TestableReference
            skipped = "NO">
            <BuildableReference
               BuildableIdentifier = "primary"
               BlueprintIdentifier = "94DCA26083AF2D1687D8119C"
               BuildableName = "FileConvertAppTests.xctest"
               BlueprintName = "FileConvertAppTests"
               ReferencedContainer = "container:FileFlip.xcodeproj">
            </BuildableReference>
         </TestableReference>
         <TestableReference
            skipped = "NO">
            <BuildableReference
               BuildableIdentifier = "primary"
               BlueprintIdentifier = "1C7C0DC9B50B6D2A2ACE700A"
               BuildableName = "FileConvertUITests.xctest"
               BlueprintName = "FileConvertUITests"
               ReferencedContainer = "container:FileFlip.xcodeproj">
            </BuildableReference>
         </TestableReference>
      </Testables>
   </TestAction>
   <LaunchAction
      buildConfiguration = "Debug"
      selectedDebuggerIdentifier = "Xcode.DebuggerFoundation.Debugger.LLDB"
      selectedLauncherIdentifier = "Xcode.DebuggerFoundation.Launcher.LLDB"
      launchStyle = "0"
      useCustomWorkingDirectory = "NO"
      ignoresPersistentStateOnLaunch = "NO"
      debugDocumentVersioning = "YES"
      debugServiceExtension = "internal"
      allowLocationSimulation = "YES">
      <BuildableProductRunnable
         runnableDebuggingMode = "0">
         <BuildableReference
            BuildableIdentifier = "primary"
            BlueprintIdentifier = "75F9719EFF7E51611B5C2CFB"
            BuildableName = "FileFlip.app"
            BlueprintName = "FileConvertApp"
            ReferencedContainer = "container:FileFlip.xcodeproj">
         </BuildableReference>
      </BuildableProductRunnable>
   </LaunchAction>
   <ProfileAction
      buildConfiguration = "Release"
      shouldUseLaunchSchemeArgsEnv = "YES"
      savedToolIdentifier = ""
      useCustomWorkingDirectory = "NO"
      debugDocumentVersioning = "YES">
      <BuildableProductRunnable
         runnableDebuggingMode = "0">
         <BuildableReference
            BuildableIdentifier = "primary"
            BlueprintIdentifier = "75F9719EFF7E51611B5C2CFB"
            BuildableName = "FileFlip.app"
            BlueprintName = "FileConvertApp"
            ReferencedContainer = "container:FileFlip.xcodeproj">
         </BuildableReference>
      </BuildableProductRunnable>
   </ProfileAction>
   <AnalyzeAction
      buildConfiguration = "Debug">
   </AnalyzeAction>
   <ArchiveAction
      buildConfiguration = "Release"
      revealArchiveInOrganizer = "YES">
   </ArchiveAction>
</Scheme>
