<?xml version="1.0" encoding="UTF-8"?>
<Scheme
   LastUpgradeVersion = "1300"
   version = "1.3">
   <BuildAction
      parallelizeBuildables = "YES"
      buildImplicitDependencies = "YES">
      <BuildActionEntries>
         <BuildActionEntry
            buildForTesting = "YES"
            buildForRunning = "YES"
            buildForProfiling = "YES"
            buildForArchiving = "YES"
            buildForAnalyzing = "YES">
            <BuildableReference
               BuildableIdentifier = "primary"
               BlueprintIdentifier = "F65D43585BBB5F7748C93943"
               BuildableName = "FileFlip.app"
               BlueprintName = "FileConvertApp"
               ReferencedContainer = "container:FileFlip.xcodeproj">
            </BuildableReference>
         </BuildActionEntry>
         <BuildActionEntry
            buildForTesting = "YES"
            buildForRunning = "YES"
            buildForProfiling = "YES"
            buildForArchiving = "YES"
            buildForAnalyzing = "YES">
            <BuildableReference
               BuildableIdentifier = "primary"
               BlueprintIdentifier = "FCECF3045590BB896FDE7CBA"
               BuildableName = "FileConvertCore.framework"
               BlueprintName = "FileConvertCore"
               ReferencedContainer = "container:FileFlip.xcodeproj">
            </BuildableReference>
         </BuildActionEntry>
         <BuildActionEntry
            buildForTesting = "YES"
            buildForRunning = "YES"
            buildForProfiling = "YES"
            buildForArchiving = "YES"
            buildForAnalyzing = "YES">
            <BuildableReference
               BuildableIdentifier = "primary"
               BlueprintIdentifier = "771CE306329D849A668D264D"
               BuildableName = "FileConvertProviders.framework"
               BlueprintName = "FileConvertProviders"
               ReferencedContainer = "container:FileFlip.xcodeproj">
            </BuildableReference>
         </BuildActionEntry>
      </BuildActionEntries>
   </BuildAction>
   <TestAction
      buildConfiguration = "Debug"
      selectedDebuggerIdentifier = "Xcode.DebuggerFoundation.Debugger.LLDB"
      selectedLauncherIdentifier = "Xcode.DebuggerFoundation.Launcher.LLDB"
      shouldUseLaunchSchemeArgsEnv = "YES">
      <MacroExpansion>
         <BuildableReference
            BuildableIdentifier = "primary"
            BlueprintIdentifier = "F65D43585BBB5F7748C93943"
            BuildableName = "FileFlip.app"
            BlueprintName = "FileConvertApp"
            ReferencedContainer = "container:FileFlip.xcodeproj">
         </BuildableReference>
      </MacroExpansion>
      <Testables>
         <TestableReference
            skipped = "NO">
            <BuildableReference
               BuildableIdentifier = "primary"
               BlueprintIdentifier = "37CD2243E0838A034770DC48"
               BuildableName = "FileConvertCoreTests.xctest"
               BlueprintName = "FileConvertCoreTests"
               ReferencedContainer = "container:FileFlip.xcodeproj">
            </BuildableReference>
         </TestableReference>
         <TestableReference
            skipped = "NO">
            <BuildableReference
               BuildableIdentifier = "primary"
               BlueprintIdentifier = "6A5095BFF23C6D3574B36379"
               BuildableName = "FileConvertProvidersTests.xctest"
               BlueprintName = "FileConvertProvidersTests"
               ReferencedContainer = "container:FileFlip.xcodeproj">
            </BuildableReference>
         </TestableReference>
         <TestableReference
            skipped = "NO">
            <BuildableReference
               BuildableIdentifier = "primary"
               BlueprintIdentifier = "69941195CADDE3A18CFC89D2"
               BuildableName = "FileConvertEvidenceTests.xctest"
               BlueprintName = "FileConvertEvidenceTests"
               ReferencedContainer = "container:FileFlip.xcodeproj">
            </BuildableReference>
         </TestableReference>
         <TestableReference
            skipped = "NO">
            <BuildableReference
               BuildableIdentifier = "primary"
               BlueprintIdentifier = "892059F9E956E5D1A1CBBD11"
               BuildableName = "FileConvertIntegrationTests.xctest"
               BlueprintName = "FileConvertIntegrationTests"
               ReferencedContainer = "container:FileFlip.xcodeproj">
            </BuildableReference>
         </TestableReference>
         <TestableReference
            skipped = "NO">
            <BuildableReference
               BuildableIdentifier = "primary"
               BlueprintIdentifier = "2D2E927ADFFAB0853E625600"
               BuildableName = "FileConvertAppTests.xctest"
               BlueprintName = "FileConvertAppTests"
               ReferencedContainer = "container:FileFlip.xcodeproj">
            </BuildableReference>
         </TestableReference>
         <TestableReference
            skipped = "NO">
            <BuildableReference
               BuildableIdentifier = "primary"
               BlueprintIdentifier = "0879F80A2BB7387245F09F5F"
               BuildableName = "FileConvertUITests.xctest"
               BlueprintName = "FileConvertUITests"
               ReferencedContainer = "container:FileFlip.xcodeproj">
            </BuildableReference>
         </TestableReference>
      </Testables>
   </TestAction>
   <LaunchAction
      buildConfiguration = "Debug"
      selectedDebuggerIdentifier = "Xcode.DebuggerFoundation.Debugger.LLDB"
      selectedLauncherIdentifier = "Xcode.DebuggerFoundation.Launcher.LLDB"
      launchStyle = "0"
      useCustomWorkingDirectory = "NO"
      ignoresPersistentStateOnLaunch = "NO"
      debugDocumentVersioning = "YES"
      debugServiceExtension = "internal"
      allowLocationSimulation = "YES">
      <BuildableProductRunnable
         runnableDebuggingMode = "0">
         <BuildableReference
            BuildableIdentifier = "primary"
            BlueprintIdentifier = "F65D43585BBB5F7748C93943"
            BuildableName = "FileFlip.app"
            BlueprintName = "FileConvertApp"
            ReferencedContainer = "container:FileFlip.xcodeproj">
         </BuildableReference>
      </BuildableProductRunnable>
   </LaunchAction>
   <ProfileAction
      buildConfiguration = "Release"
      shouldUseLaunchSchemeArgsEnv = "YES"
      savedToolIdentifier = ""
      useCustomWorkingDirectory = "NO"
      debugDocumentVersioning = "YES">
      <BuildableProductRunnable
         runnableDebuggingMode = "0">
         <BuildableReference
            BuildableIdentifier = "primary"
            BlueprintIdentifier = "F65D43585BBB5F7748C93943"
            BuildableName = "FileFlip.app"
            BlueprintName = "FileConvertApp"
            ReferencedContainer = "container:FileFlip.xcodeproj">
         </BuildableReference>
      </BuildableProductRunnable>
   </ProfileAction>
   <AnalyzeAction
      buildConfiguration = "Debug">
   </AnalyzeAction>
   <ArchiveAction
      buildConfiguration = "Release"
      revealArchiveInOrganizer = "YES">
   </ArchiveAction>
</Scheme>
