<?xml version="1.0" encoding="UTF-8"?>
<Scheme
   LastUpgradeVersion = "1300"
   version = "1.3">
   <BuildAction
      parallelizeBuildables = "YES"
      buildImplicitDependencies = "YES">
      <BuildActionEntries>
         <BuildActionEntry
            buildForTesting = "YES"
            buildForRunning = "YES"
            buildForProfiling = "YES"
            buildForArchiving = "YES"
            buildForAnalyzing = "YES">
            <BuildableReference
               BuildableIdentifier = "primary"
               BlueprintIdentifier = "A1A9A482A3A1C938A1E771BC"
               BuildableName = "FileFlip.app"
               BlueprintName = "FileConvertApp"
               ReferencedContainer = "container:FileFlip.xcodeproj">
            </BuildableReference>
         </BuildActionEntry>
         <BuildActionEntry
            buildForTesting = "YES"
            buildForRunning = "YES"
            buildForProfiling = "YES"
            buildForArchiving = "YES"
            buildForAnalyzing = "YES">
            <BuildableReference
               BuildableIdentifier = "primary"
               BlueprintIdentifier = "B8E9B2A44E4855E97A782B37"
               BuildableName = "FileConvertCore.framework"
               BlueprintName = "FileConvertCore"
               ReferencedContainer = "container:FileFlip.xcodeproj">
            </BuildableReference>
         </BuildActionEntry>
         <BuildActionEntry
            buildForTesting = "YES"
            buildForRunning = "YES"
            buildForProfiling = "YES"
            buildForArchiving = "YES"
            buildForAnalyzing = "YES">
            <BuildableReference
               BuildableIdentifier = "primary"
               BlueprintIdentifier = "A68FF2DECDEE52D45BB4C518"
               BuildableName = "FileConvertProviders.framework"
               BlueprintName = "FileConvertProviders"
               ReferencedContainer = "container:FileFlip.xcodeproj">
            </BuildableReference>
         </BuildActionEntry>
      </BuildActionEntries>
   </BuildAction>
   <TestAction
      buildConfiguration = "Debug"
      selectedDebuggerIdentifier = "Xcode.DebuggerFoundation.Debugger.LLDB"
      selectedLauncherIdentifier = "Xcode.DebuggerFoundation.Launcher.LLDB"
      shouldUseLaunchSchemeArgsEnv = "YES">
      <MacroExpansion>
         <BuildableReference
            BuildableIdentifier = "primary"
            BlueprintIdentifier = "A1A9A482A3A1C938A1E771BC"
            BuildableName = "FileFlip.app"
            BlueprintName = "FileConvertApp"
            ReferencedContainer = "container:FileFlip.xcodeproj">
         </BuildableReference>
      </MacroExpansion>
      <Testables>
         <TestableReference
            skipped = "NO">
            <BuildableReference
               BuildableIdentifier = "primary"
               BlueprintIdentifier = "5184712A9378FDCF66620F29"
               BuildableName = "FileConvertCoreTests.xctest"
               BlueprintName = "FileConvertCoreTests"
               ReferencedContainer = "container:FileFlip.xcodeproj">
            </BuildableReference>
         </TestableReference>
         <TestableReference
            skipped = "NO">
            <BuildableReference
               BuildableIdentifier = "primary"
               BlueprintIdentifier = "7BD68B984FC7FFBD4009DF22"
               BuildableName = "FileConvertProvidersTests.xctest"
               BlueprintName = "FileConvertProvidersTests"
               ReferencedContainer = "container:FileFlip.xcodeproj">
            </BuildableReference>
         </TestableReference>
         <TestableReference
            skipped = "NO">
            <BuildableReference
               BuildableIdentifier = "primary"
               BlueprintIdentifier = "2322357FCAE80AB1049BCC41"
               BuildableName = "FileConvertEvidenceTests.xctest"
               BlueprintName = "FileConvertEvidenceTests"
               ReferencedContainer = "container:FileFlip.xcodeproj">
            </BuildableReference>
         </TestableReference>
         <TestableReference
            skipped = "NO">
            <BuildableReference
               BuildableIdentifier = "primary"
               BlueprintIdentifier = "6EC4B9D61BC27F77A95EEEC2"
               BuildableName = "FileConvertIntegrationTests.xctest"
               BlueprintName = "FileConvertIntegrationTests"
               ReferencedContainer = "container:FileFlip.xcodeproj">
            </BuildableReference>
         </TestableReference>
         <TestableReference
            skipped = "NO">
            <BuildableReference
               BuildableIdentifier = "primary"
               BlueprintIdentifier = "9DABD1667DA23606177E878A"
               BuildableName = "FileConvertAppTests.xctest"
               BlueprintName = "FileConvertAppTests"
               ReferencedContainer = "container:FileFlip.xcodeproj">
            </BuildableReference>
         </TestableReference>
         <TestableReference
            skipped = "NO">
            <BuildableReference
               BuildableIdentifier = "primary"
               BlueprintIdentifier = "6C30B9A1B19EE550094C5C36"
               BuildableName = "FileConvertUITests.xctest"
               BlueprintName = "FileConvertUITests"
               ReferencedContainer = "container:FileFlip.xcodeproj">
            </BuildableReference>
         </TestableReference>
      </Testables>
   </TestAction>
   <LaunchAction
      buildConfiguration = "Debug"
      selectedDebuggerIdentifier = "Xcode.DebuggerFoundation.Debugger.LLDB"
      selectedLauncherIdentifier = "Xcode.DebuggerFoundation.Launcher.LLDB"
      launchStyle = "0"
      useCustomWorkingDirectory = "NO"
      ignoresPersistentStateOnLaunch = "NO"
      debugDocumentVersioning = "YES"
      debugServiceExtension = "internal"
      allowLocationSimulation = "YES">
      <BuildableProductRunnable
         runnableDebuggingMode = "0">
         <BuildableReference
            BuildableIdentifier = "primary"
            BlueprintIdentifier = "A1A9A482A3A1C938A1E771BC"
            BuildableName = "FileFlip.app"
            BlueprintName = "FileConvertApp"
            ReferencedContainer = "container:FileFlip.xcodeproj">
         </BuildableReference>
      </BuildableProductRunnable>
   </LaunchAction>
   <ProfileAction
      buildConfiguration = "Release"
      shouldUseLaunchSchemeArgsEnv = "YES"
      savedToolIdentifier = ""
      useCustomWorkingDirectory = "NO"
      debugDocumentVersioning = "YES">
      <BuildableProductRunnable
         runnableDebuggingMode = "0">
         <BuildableReference
            BuildableIdentifier = "primary"
            BlueprintIdentifier = "A1A9A482A3A1C938A1E771BC"
            BuildableName = "FileFlip.app"
            BlueprintName = "FileConvertApp"
            ReferencedContainer = "container:FileFlip.xcodeproj">
         </BuildableReference>
      </BuildableProductRunnable>
   </ProfileAction>
   <AnalyzeAction
      buildConfiguration = "Debug">
   </AnalyzeAction>
   <ArchiveAction
      buildConfiguration = "Release"
      revealArchiveInOrganizer = "YES">
   </ArchiveAction>
</Scheme>
